
Microsoft Visual Studio Solution File, Format Version 12.00
# Visual Studio Version 16
VisualStudioVersion = 16.0.30225.117
MinimumVisualStudioVersion = 10.0.40219.1
Project("{FAE04EC0-301F-11D3-BF4B-00C04F79EFBC}") = "Exception_concept", "Exception_concept.csproj", "{03459594-365E-4223-B43B-7B2552984A80}"
EndProject
Global
	GlobalSection(SolutionConfigurationPlatforms) = preSolution
		Debug|Any CPU = Debug|Any CPU
		Release|Any CPU = Release|Any CPU
	EndGlobalSection
	GlobalSection(ProjectConfigurationPlatforms) = postSolution
		{03459594-365E-4223-B43B-7B2552984A80}.Debug|Any CPU.ActiveCfg = Debug|Any CPU
		{03459594-365E-4223-B43B-7B2552984A80}.Debug|Any CPU.Build.0 = Debug|Any CPU
		{03459594-365E-4223-B43B-7B2552984A80}.Release|Any CPU.ActiveCfg = Release|Any CPU
		{03459594-365E-4223-B43B-7B2552984A80}.Release|Any CPU.Build.0 = Release|Any CPU
	EndGlobalSection
	GlobalSection(SolutionProperties) = preSolution
		HideSolutionNode = FALSE
	EndGlobalSection
	GlobalSection(ExtensibilityGlobals) = postSolution
		SolutionGuid = {DBB3F7A7-0156-47A2-9B7C-724B51AA7896}
	EndGlobalSection
EndGlobal
